
Microsoft Visual Studio Solution File, Format Version 12.00
# Visual Studio Version 16
VisualStudioVersion = 16.0.30114.105
MinimumVisualStudioVersion = 10.0.40219.1
Project("{9A19103F-16F7-4668-BE54-9A1E7A4F7556}") = "Confab.Bootstrapper", "src\Bootstrapper\Confab.Bootstrapper\Confab.Bootstrapper.csproj", "{EEA741D2-3443-49DC-8E25-321395C49FFE}"
EndProject
Project("{2150E333-8FDC-42A3-9474-1A3956D46DE8}") = "src", "src", "{8BC374B9-03B0-42BD-BC9A-F0900DF58E80}"
EndProject
Project("{2150E333-8FDC-42A3-9474-1A3956D46DE8}") = "tests", "tests", "{6D8EF62C-416D-4BAC-A90F-4C1D475F2BBE}"
EndProject
Project("{2150E333-8FDC-42A3-9474-1A3956D46DE8}") = "Bootstrapper", "Bootstrapper", "{632DE627-7C44-4665-82A7-DFE4A6576F49}"
EndProject
Project("{2150E333-8FDC-42A3-9474-1A3956D46DE8}") = "Modules", "Modules", "{3050C29D-7A7E-4FD4-B60A-CD417DFC8CD7}"
EndProject
Project("{2150E333-8FDC-42A3-9474-1A3956D46DE8}") = "Shared", "Shared", "{3C14DCAA-A538-4103-9BA6-476712D50C8F}"
EndProject
Project("{9A19103F-16F7-4668-BE54-9A1E7A4F7556}") = "Confab.Shared.Abstractions", "src\Shared\Confab.Shared.Abstractions\Confab.Shared.Abstractions.csproj", "{59E1EB1E-8009-44EE-B41C-8BB6FD030184}"
EndProject
Project("{9A19103F-16F7-4668-BE54-9A1E7A4F7556}") = "Confab.Shared.Infrastructure", "src\Shared\Confab.Shared.Infrastructure\Confab.Shared.Infrastructure.csproj", "{4BCF52C6-A40F-4954-A067-8267A151F761}"
EndProject
Project("{FAE04EC0-301F-11D3-BF4B-00C04F79EFBC}") = "Confab.Modules.Conferences.Api", "src\Modules\Conferences\Confab.Modules.Conferences.Api\Confab.Modules.Conferences.Api.csproj", "{F16F45D5-C5C0-4FD6-8ABB-E8C62CAC9D25}"
EndProject
Project("{2150E333-8FDC-42A3-9474-1A3956D46DE8}") = "Conferences", "Conferences", "{ABBBB7B3-A396-4FD8-8001-1E0B30ABD855}"
EndProject
Project("{9A19103F-16F7-4668-BE54-9A1E7A4F7556}") = "Confab.Modules.Conferences.Core", "src\Modules\Conferences\Confab.Modules.Conferences.Core\Confab.Modules.Conferences.Core.csproj", "{DB9A38CC-88C0-4FD3-9E54-343794D9AE17}"
EndProject
Project("{2150E333-8FDC-42A3-9474-1A3956D46DE8}") = "Speakers", "Speakers", "{589FCD2F-1333-4F2D-8125-CA7E0EF09A0C}"
EndProject
Project("{FAE04EC0-301F-11D3-BF4B-00C04F79EFBC}") = "Confab.Modules.Speakers.Api", "src\Modules\Speakers\Confab.Modules.Speakers.Api\Confab.Modules.Speakers.Api.csproj", "{EACACF49-AA14-4F5B-A0C8-73827F7008C7}"
EndProject
Project("{FAE04EC0-301F-11D3-BF4B-00C04F79EFBC}") = "Confab.Modules.Speakers.Core", "src\Modules\Speakers\Confab.Modules.Speakers.Core\Confab.Modules.Speakers.Core.csproj", "{B74B2618-CD0E-4A06-9CA3-B98D8415E19C}"
EndProject
Project("{2150E333-8FDC-42A3-9474-1A3956D46DE8}") = "Users", "Users", "{DF7FC011-B224-4A84-B6CB-D50D6B11CB21}"
EndProject
Project("{FAE04EC0-301F-11D3-BF4B-00C04F79EFBC}") = "Confab.Modules.Users.Api", "src\Modules\Users\Confab.Modules.Users.Api\Confab.Modules.Users.Api.csproj", "{FB58B6C6-2E61-478C-89EE-DC6DDD8B5C16}"
EndProject
Project("{FAE04EC0-301F-11D3-BF4B-00C04F79EFBC}") = "Confab.Modules.Users.Core", "src\Modules\Users\Confab.Modules.Users.Core\Confab.Modules.Users.Core.csproj", "{163B12A1-5F8F-4D20-B97B-BB50AB0B21BF}"
EndProject
Project("{2150E333-8FDC-42A3-9474-1A3956D46DE8}") = "Tickets", "Tickets", "{FA9DAB3C-9279-4498-9121-64E5CEE390DC}"
EndProject
Project("{FAE04EC0-301F-11D3-BF4B-00C04F79EFBC}") = "Confab.Modules.Tickets.Api", "src\Modules\Tickets\Confab.Modules.Tickets.Api\Confab.Modules.Tickets.Api.csproj", "{B3124E43-ED1E-4A89-9161-6D9D49035E50}"
EndProject
Project("{FAE04EC0-301F-11D3-BF4B-00C04F79EFBC}") = "Confab.Modules.Tickets.Core", "src\Modules\Tickets\Confab.Modules.Tickets.Core\Confab.Modules.Tickets.Core.csproj", "{78341011-77AC-428B-8FD4-1B7B7EE4016F}"
EndProject
Project("{FAE04EC0-301F-11D3-BF4B-00C04F79EFBC}") = "Confab.Modules.Conferences.Messages", "src\Modules\Conferences\Confab.Modules.Conferences.Messages\Confab.Modules.Conferences.Messages.csproj", "{E12AEF59-2DF5-4423-917A-B25F45A5D6B8}"
EndProject
Global
	GlobalSection(SolutionConfigurationPlatforms) = preSolution
		Debug|Any CPU = Debug|Any CPU
		Release|Any CPU = Release|Any CPU
	EndGlobalSection
	GlobalSection(ProjectConfigurationPlatforms) = postSolution
		{EEA741D2-3443-49DC-8E25-321395C49FFE}.Debug|Any CPU.ActiveCfg = Debug|Any CPU
		{EEA741D2-3443-49DC-8E25-321395C49FFE}.Debug|Any CPU.Build.0 = Debug|Any CPU
		{EEA741D2-3443-49DC-8E25-321395C49FFE}.Release|Any CPU.ActiveCfg = Release|Any CPU
		{EEA741D2-3443-49DC-8E25-321395C49FFE}.Release|Any CPU.Build.0 = Release|Any CPU
		{59E1EB1E-8009-44EE-B41C-8BB6FD030184}.Debug|Any CPU.ActiveCfg = Debug|Any CPU
		{59E1EB1E-8009-44EE-B41C-8BB6FD030184}.Debug|Any CPU.Build.0 = Debug|Any CPU
		{59E1EB1E-8009-44EE-B41C-8BB6FD030184}.Release|Any CPU.ActiveCfg = Release|Any CPU
		{59E1EB1E-8009-44EE-B41C-8BB6FD030184}.Release|Any CPU.Build.0 = Release|Any CPU
		{4BCF52C6-A40F-4954-A067-8267A151F761}.Debug|Any CPU.ActiveCfg = Debug|Any CPU
		{4BCF52C6-A40F-4954-A067-8267A151F761}.Debug|Any CPU.Build.0 = Debug|Any CPU
		{4BCF52C6-A40F-4954-A067-8267A151F761}.Release|Any CPU.ActiveCfg = Release|Any CPU
		{4BCF52C6-A40F-4954-A067-8267A151F761}.Release|Any CPU.Build.0 = Release|Any CPU
		{F16F45D5-C5C0-4FD6-8ABB-E8C62CAC9D25}.Debug|Any CPU.ActiveCfg = Debug|Any CPU
		{F16F45D5-C5C0-4FD6-8ABB-E8C62CAC9D25}.Debug|Any CPU.Build.0 = Debug|Any CPU
		{F16F45D5-C5C0-4FD6-8ABB-E8C62CAC9D25}.Release|Any CPU.ActiveCfg = Release|Any CPU
		{F16F45D5-C5C0-4FD6-8ABB-E8C62CAC9D25}.Release|Any CPU.Build.0 = Release|Any CPU
		{DB9A38CC-88C0-4FD3-9E54-343794D9AE17}.Debug|Any CPU.ActiveCfg = Debug|Any CPU
		{DB9A38CC-88C0-4FD3-9E54-343794D9AE17}.Debug|Any CPU.Build.0 = Debug|Any CPU
		{DB9A38CC-88C0-4FD3-9E54-343794D9AE17}.Release|Any CPU.ActiveCfg = Release|Any CPU
		{DB9A38CC-88C0-4FD3-9E54-343794D9AE17}.Release|Any CPU.Build.0 = Release|Any CPU
		{EACACF49-AA14-4F5B-A0C8-73827F7008C7}.Debug|Any CPU.ActiveCfg = Debug|Any CPU
		{EACACF49-AA14-4F5B-A0C8-73827F7008C7}.Debug|Any CPU.Build.0 = Debug|Any CPU
		{EACACF49-AA14-4F5B-A0C8-73827F7008C7}.Release|Any CPU.ActiveCfg = Release|Any CPU
		{EACACF49-AA14-4F5B-A0C8-73827F7008C7}.Release|Any CPU.Build.0 = Release|Any CPU
		{B74B2618-CD0E-4A06-9CA3-B98D8415E19C}.Debug|Any CPU.ActiveCfg = Debug|Any CPU
		{B74B2618-CD0E-4A06-9CA3-B98D8415E19C}.Debug|Any CPU.Build.0 = Debug|Any CPU
		{B74B2618-CD0E-4A06-9CA3-B98D8415E19C}.Release|Any CPU.ActiveCfg = Release|Any CPU
		{B74B2618-CD0E-4A06-9CA3-B98D8415E19C}.Release|Any CPU.Build.0 = Release|Any CPU
		{FB58B6C6-2E61-478C-89EE-DC6DDD8B5C16}.Debug|Any CPU.ActiveCfg = Debug|Any CPU
		{FB58B6C6-2E61-478C-89EE-DC6DDD8B5C16}.Debug|Any CPU.Build.0 = Debug|Any CPU
		{FB58B6C6-2E61-478C-89EE-DC6DDD8B5C16}.Release|Any CPU.ActiveCfg = Release|Any CPU
		{FB58B6C6-2E61-478C-89EE-DC6DDD8B5C16}.Release|Any CPU.Build.0 = Release|Any CPU
		{163B12A1-5F8F-4D20-B97B-BB50AB0B21BF}.Debug|Any CPU.ActiveCfg = Debug|Any CPU
		{163B12A1-5F8F-4D20-B97B-BB50AB0B21BF}.Debug|Any CPU.Build.0 = Debug|Any CPU
		{163B12A1-5F8F-4D20-B97B-BB50AB0B21BF}.Release|Any CPU.ActiveCfg = Release|Any CPU
		{163B12A1-5F8F-4D20-B97B-BB50AB0B21BF}.Release|Any CPU.Build.0 = Release|Any CPU
		{B3124E43-ED1E-4A89-9161-6D9D49035E50}.Debug|Any CPU.ActiveCfg = Debug|Any CPU
		{B3124E43-ED1E-4A89-9161-6D9D49035E50}.Debug|Any CPU.Build.0 = Debug|Any CPU
		{B3124E43-ED1E-4A89-9161-6D9D49035E50}.Release|Any CPU.ActiveCfg = Release|Any CPU
		{B3124E43-ED1E-4A89-9161-6D9D49035E50}.Release|Any CPU.Build.0 = Release|Any CPU
		{78341011-77AC-428B-8FD4-1B7B7EE4016F}.Debug|Any CPU.ActiveCfg = Debug|Any CPU
		{78341011-77AC-428B-8FD4-1B7B7EE4016F}.Debug|Any CPU.Build.0 = Debug|Any CPU
		{78341011-77AC-428B-8FD4-1B7B7EE4016F}.Release|Any CPU.ActiveCfg = Release|Any CPU
		{78341011-77AC-428B-8FD4-1B7B7EE4016F}.Release|Any CPU.Build.0 = Release|Any CPU
		{E12AEF59-2DF5-4423-917A-B25F45A5D6B8}.Debug|Any CPU.ActiveCfg = Debug|Any CPU
		{E12AEF59-2DF5-4423-917A-B25F45A5D6B8}.Debug|Any CPU.Build.0 = Debug|Any CPU
		{E12AEF59-2DF5-4423-917A-B25F45A5D6B8}.Release|Any CPU.ActiveCfg = Release|Any CPU
		{E12AEF59-2DF5-4423-917A-B25F45A5D6B8}.Release|Any CPU.Build.0 = Release|Any CPU
	EndGlobalSection
	GlobalSection(SolutionProperties) = preSolution
		HideSolutionNode = FALSE
	EndGlobalSection
	GlobalSection(NestedProjects) = preSolution
		{EEA741D2-3443-49DC-8E25-321395C49FFE} = {632DE627-7C44-4665-82A7-DFE4A6576F49}
		{632DE627-7C44-4665-82A7-DFE4A6576F49} = {8BC374B9-03B0-42BD-BC9A-F0900DF58E80}
		{3050C29D-7A7E-4FD4-B60A-CD417DFC8CD7} = {8BC374B9-03B0-42BD-BC9A-F0900DF58E80}
		{3C14DCAA-A538-4103-9BA6-476712D50C8F} = {8BC374B9-03B0-42BD-BC9A-F0900DF58E80}
		{59E1EB1E-8009-44EE-B41C-8BB6FD030184} = {3C14DCAA-A538-4103-9BA6-476712D50C8F}
		{4BCF52C6-A40F-4954-A067-8267A151F761} = {3C14DCAA-A538-4103-9BA6-476712D50C8F}
		{F16F45D5-C5C0-4FD6-8ABB-E8C62CAC9D25} = {ABBBB7B3-A396-4FD8-8001-1E0B30ABD855}
		{ABBBB7B3-A396-4FD8-8001-1E0B30ABD855} = {3050C29D-7A7E-4FD4-B60A-CD417DFC8CD7}
		{DB9A38CC-88C0-4FD3-9E54-343794D9AE17} = {ABBBB7B3-A396-4FD8-8001-1E0B30ABD855}
		{589FCD2F-1333-4F2D-8125-CA7E0EF09A0C} = {3050C29D-7A7E-4FD4-B60A-CD417DFC8CD7}
		{EACACF49-AA14-4F5B-A0C8-73827F7008C7} = {589FCD2F-1333-4F2D-8125-CA7E0EF09A0C}
		{B74B2618-CD0E-4A06-9CA3-B98D8415E19C} = {589FCD2F-1333-4F2D-8125-CA7E0EF09A0C}
		{DF7FC011-B224-4A84-B6CB-D50D6B11CB21} = {3050C29D-7A7E-4FD4-B60A-CD417DFC8CD7}
		{FB58B6C6-2E61-478C-89EE-DC6DDD8B5C16} = {DF7FC011-B224-4A84-B6CB-D50D6B11CB21}
		{163B12A1-5F8F-4D20-B97B-BB50AB0B21BF} = {DF7FC011-B224-4A84-B6CB-D50D6B11CB21}
		{FA9DAB3C-9279-4498-9121-64E5CEE390DC} = {3050C29D-7A7E-4FD4-B60A-CD417DFC8CD7}
		{B3124E43-ED1E-4A89-9161-6D9D49035E50} = {FA9DAB3C-9279-4498-9121-64E5CEE390DC}
		{78341011-77AC-428B-8FD4-1B7B7EE4016F} = {FA9DAB3C-9279-4498-9121-64E5CEE390DC}
		{E12AEF59-2DF5-4423-917A-B25F45A5D6B8} = {ABBBB7B3-A396-4FD8-8001-1E0B30ABD855}
	EndGlobalSection
	GlobalSection(ExtensibilityGlobals) = postSolution
		SolutionGuid = {2A3F42A7-A37F-49EF-9711-31D252CB50F8}
	EndGlobalSection
EndGlobal
